
Microsoft Visual Studio Solution File, Format Version 12.00
# Visual Studio Version 17
VisualStudioVersion = 17.0.31903.59
MinimumVisualStudioVersion = 10.0.40219.1
Project("{FAE04EC0-301F-11D3-BF4B-00C04F79EFBC}") = "Digital.Net.Core", "Digital.Net.Core\Digital.Net.Core.csproj", "{9FFBD08A-6DB0-4091-A045-EA47F001A8EB}"
EndProject
Project("{FAE04EC0-301F-11D3-BF4B-00C04F79EFBC}") = "Digital.Net.Core.Tests", "Digital.Net.Core.Tests\Digital.Net.Core.Tests.csproj", "{366922BE-9242-4C3D-A26F-1788B5C9A5AA}"
EndProject
Project("{FAE04EC0-301F-11D3-BF4B-00C04F79EFBC}") = "Digital.Net.TestTools", "Digital.Net.TestTools\Digital.Net.TestTools.csproj", "{541986DE-D5CA-4781-8FF9-F15008CE232F}"
EndProject
Project("{FAE04EC0-301F-11D3-BF4B-00C04F79EFBC}") = "Digital.Net.Entities", "Digital.Net.Entities\Digital.Net.Entities.csproj", "{1AD79DCB-F242-4117-B058-CC42355F7F39}"
EndProject
Project("{FAE04EC0-301F-11D3-BF4B-00C04F79EFBC}") = "Digital.Net.Entities.Test", "Digital.Net.Entities.Test\Digital.Net.Entities.Test.csproj", "{0DB3E6ED-60F7-4E1E-98F8-5AA93B7CD034}"
EndProject
Project("{FAE04EC0-301F-11D3-BF4B-00C04F79EFBC}") = "Digital.Net.Mvc", "Digital.Net.Mvc\Digital.Net.Mvc.csproj", "{5ACE71DC-BCA5-4BAC-96C9-BC93AD64ABD6}"
EndProject
Global
	GlobalSection(SolutionConfigurationPlatforms) = preSolution
		Debug|Any CPU = Debug|Any CPU
		Release|Any CPU = Release|Any CPU
	EndGlobalSection
	GlobalSection(SolutionProperties) = preSolution
		HideSolutionNode = FALSE
	EndGlobalSection
	GlobalSection(ProjectConfigurationPlatforms) = postSolution
		{9FFBD08A-6DB0-4091-A045-EA47F001A8EB}.Debug|Any CPU.ActiveCfg = Debug|Any CPU
		{9FFBD08A-6DB0-4091-A045-EA47F001A8EB}.Debug|Any CPU.Build.0 = Debug|Any CPU
		{9FFBD08A-6DB0-4091-A045-EA47F001A8EB}.Release|Any CPU.ActiveCfg = Release|Any CPU
		{9FFBD08A-6DB0-4091-A045-EA47F001A8EB}.Release|Any CPU.Build.0 = Release|Any CPU
		{366922BE-9242-4C3D-A26F-1788B5C9A5AA}.Debug|Any CPU.ActiveCfg = Debug|Any CPU
		{366922BE-9242-4C3D-A26F-1788B5C9A5AA}.Debug|Any CPU.Build.0 = Debug|Any CPU
		{366922BE-9242-4C3D-A26F-1788B5C9A5AA}.Release|Any CPU.ActiveCfg = Release|Any CPU
		{366922BE-9242-4C3D-A26F-1788B5C9A5AA}.Release|Any CPU.Build.0 = Release|Any CPU
		{541986DE-D5CA-4781-8FF9-F15008CE232F}.Debug|Any CPU.ActiveCfg = Debug|Any CPU
		{541986DE-D5CA-4781-8FF9-F15008CE232F}.Debug|Any CPU.Build.0 = Debug|Any CPU
		{541986DE-D5CA-4781-8FF9-F15008CE232F}.Release|Any CPU.ActiveCfg = Release|Any CPU
		{541986DE-D5CA-4781-8FF9-F15008CE232F}.Release|Any CPU.Build.0 = Release|Any CPU
		{1AD79DCB-F242-4117-B058-CC42355F7F39}.Debug|Any CPU.ActiveCfg = Debug|Any CPU
		{1AD79DCB-F242-4117-B058-CC42355F7F39}.Debug|Any CPU.Build.0 = Debug|Any CPU
		{1AD79DCB-F242-4117-B058-CC42355F7F39}.Release|Any CPU.ActiveCfg = Release|Any CPU
		{1AD79DCB-F242-4117-B058-CC42355F7F39}.Release|Any CPU.Build.0 = Release|Any CPU
		{0DB3E6ED-60F7-4E1E-98F8-5AA93B7CD034}.Debug|Any CPU.ActiveCfg = Debug|Any CPU
		{0DB3E6ED-60F7-4E1E-98F8-5AA93B7CD034}.Debug|Any CPU.Build.0 = Debug|Any CPU
		{0DB3E6ED-60F7-4E1E-98F8-5AA93B7CD034}.Release|Any CPU.ActiveCfg = Release|Any CPU
		{0DB3E6ED-60F7-4E1E-98F8-5AA93B7CD034}.Release|Any CPU.Build.0 = Release|Any CPU
		{5ACE71DC-BCA5-4BAC-96C9-BC93AD64ABD6}.Debug|Any CPU.ActiveCfg = Debug|Any CPU
		{5ACE71DC-BCA5-4BAC-96C9-BC93AD64ABD6}.Debug|Any CPU.Build.0 = Debug|Any CPU
		{5ACE71DC-BCA5-4BAC-96C9-BC93AD64ABD6}.Release|Any CPU.ActiveCfg = Release|Any CPU
		{5ACE71DC-BCA5-4BAC-96C9-BC93AD64ABD6}.Release|Any CPU.Build.0 = Release|Any CPU
	EndGlobalSection
EndGlobal
